{
  "version": 4,
  "terraform_version": "0.13.0",
  "serial": 50,
  "lineage": "34506ee8-2b92-80a9-1cbe-80697186d3bb",
  "outputs": {},
  "resources": [
    {
      "module": "module.Database",
      "mode": "managed",
      "type": "random_password",
      "name": "password",
      "provider": "provider[\"registry.terraform.io/hashicorp/random\"]",
      "instances": [
        {
          "schema_version": 2,
          "attributes": {
            "bcrypt_hash": "$2a$10$vXKsGw1KHguyunO3lc4WPesVFH32AHNpasEFz76k7wSTkhcB743U2",
            "id": "none",
            "keepers": null,
            "length": 16,
            "lower": true,
            "min_lower": 0,
            "min_numeric": 0,
            "min_special": 0,
            "min_upper": 0,
            "number": true,
            "numeric": true,
            "override_special": "_%@",
            "result": "iCIhM7f3rVPLKFU6",
            "special": true,
            "upper": true
          },
          "private": "eyJzY2hlbWFfdmVyc2lvbiI6IjIifQ=="
        }
      ]
    }
  ]
}
